
Microsoft Visual Studio Solution File, Format Version 12.00
# Visual Studio Version 17
VisualStudioVersion = 17.14.36301.6 d17.14
MinimumVisualStudioVersion = 10.0.40219.1
Project("{FAE04EC0-301F-11D3-BF4B-00C04F79EFBC}") = "portfolio", "portfolio\portfolio.csproj", "{6B62FC83-77C4-439F-B894-1A58AE7A1BFB}"
EndProject
Global
	GlobalSection(SolutionConfigurationPlatforms) = preSolution
		Debug|Any CPU = Debug|Any CPU
		Release|Any CPU = Release|Any CPU
	EndGlobalSection
	GlobalSection(ProjectConfigurationPlatforms) = postSolution
		{6B62FC83-77C4-439F-B894-1A58AE7A1BFB}.Debug|Any CPU.ActiveCfg = Debug|Any CPU
		{6B62FC83-77C4-439F-B894-1A58AE7A1BFB}.Debug|Any CPU.Build.0 = Debug|Any CPU
		{6B62FC83-77C4-439F-B894-1A58AE7A1BFB}.Release|Any CPU.ActiveCfg = Release|Any CPU
		{6B62FC83-77C4-439F-B894-1A58AE7A1BFB}.Release|Any CPU.Build.0 = Release|Any CPU
	EndGlobalSection
	GlobalSection(SolutionProperties) = preSolution
		HideSolutionNode = FALSE
	EndGlobalSection
	GlobalSection(ExtensibilityGlobals) = postSolution
		SolutionGuid = {9CBFCBF8-0732-46D4-8582-0120BCDFE614}
	EndGlobalSection
EndGlobal
